
Microsoft Visual Studio Solution File, Format Version 12.00
# Visual Studio Version 16
VisualStudioVersion = 16.0.30621.155
MinimumVisualStudioVersion = 10.0.40219.1
Project("{9A19103F-16F7-4668-BE54-9A1E7A4F7556}") = "AT_CadastroDeAniversario", "AT_CadastroDeAniversario\AT_CadastroDeAniversario.csproj", "{3CBC2D97-0EE3-458E-A04C-61A577FC0416}"
EndProject
Global
	GlobalSection(SolutionConfigurationPlatforms) = preSolution
		Debug|Any CPU = Debug|Any CPU
		Release|Any CPU = Release|Any CPU
	EndGlobalSection
	GlobalSection(ProjectConfigurationPlatforms) = postSolution
		{3CBC2D97-0EE3-458E-A04C-61A577FC0416}.Debug|Any CPU.ActiveCfg = Debug|Any CPU
		{3CBC2D97-0EE3-458E-A04C-61A577FC0416}.Debug|Any CPU.Build.0 = Debug|Any CPU
		{3CBC2D97-0EE3-458E-A04C-61A577FC0416}.Release|Any CPU.ActiveCfg = Release|Any CPU
		{3CBC2D97-0EE3-458E-A04C-61A577FC0416}.Release|Any CPU.Build.0 = Release|Any CPU
	EndGlobalSection
	GlobalSection(SolutionProperties) = preSolution
		HideSolutionNode = FALSE
	EndGlobalSection
	GlobalSection(ExtensibilityGlobals) = postSolution
		SolutionGuid = {C4002B03-52D9-4862-B708-B5F2F62AFE4D}
	EndGlobalSection
EndGlobal
